
Microsoft Visual Studio Solution File, Format Version 12.00
# Visual Studio 15
VisualStudioVersion = 15.0.27004.2005
MinimumVisualStudioVersion = 10.0.40219.1
Project("{9A19103F-16F7-4668-BE54-9A1E7A4F7556}") = "Domain.Core", "Domain.Core\Domain.Core.csproj", "{7878CCBC-131D-4C9F-B8DD-CD54ADDBF124}"
EndProject
Project("{9A19103F-16F7-4668-BE54-9A1E7A4F7556}") = "Domain.Core.Test.Unit", "Domain.Core.Test.Unit\Domain.Core.Test.Unit.csproj", "{9A9C656F-9914-438D-A230-B7B4A3DED8BE}"
EndProject
Project("{FAE04EC0-301F-11D3-BF4B-00C04F79EFBC}") = "Persistence.Concrete.MongoDB", "Persistence.Concrete.MongoDB\Persistence.Concrete.MongoDB.csproj", "{381043E1-C712-497A-B7D8-976849E869E6}"
EndProject
Project("{FAE04EC0-301F-11D3-BF4B-00C04F79EFBC}") = "Persistence.Concrete.MongoDB.Test.Unit", "Persistence.Concrete.MongoDB.Test.Unit\Persistence.Concrete.MongoDB.Test.Unit.csproj", "{6CD48E37-8763-4D94-9B6B-4EABD6B11283}"
EndProject
Project("{FAE04EC0-301F-11D3-BF4B-00C04F79EFBC}") = "Domain.Core.UseCases", "Domain.Core.UseCases\Domain.Core.UseCases.csproj", "{71044882-0AD6-4585-A00B-FA75D70AB264}"
EndProject
Project("{FAE04EC0-301F-11D3-BF4B-00C04F79EFBC}") = "Domain.Core.UseCases.Test.Unit", "Domain.Core.UseCases.Test.Unit\Domain.Core.UseCases.Test.Unit.csproj", "{EDC86C6F-38EE-403E-908E-65603BBBD95A}"
EndProject
Global
	GlobalSection(SolutionConfigurationPlatforms) = preSolution
		Debug|Any CPU = Debug|Any CPU
		Release|Any CPU = Release|Any CPU
	EndGlobalSection
	GlobalSection(ProjectConfigurationPlatforms) = postSolution
		{7878CCBC-131D-4C9F-B8DD-CD54ADDBF124}.Debug|Any CPU.ActiveCfg = Debug|Any CPU
		{7878CCBC-131D-4C9F-B8DD-CD54ADDBF124}.Debug|Any CPU.Build.0 = Debug|Any CPU
		{7878CCBC-131D-4C9F-B8DD-CD54ADDBF124}.Release|Any CPU.ActiveCfg = Release|Any CPU
		{7878CCBC-131D-4C9F-B8DD-CD54ADDBF124}.Release|Any CPU.Build.0 = Release|Any CPU
		{9A9C656F-9914-438D-A230-B7B4A3DED8BE}.Debug|Any CPU.ActiveCfg = Debug|Any CPU
		{9A9C656F-9914-438D-A230-B7B4A3DED8BE}.Debug|Any CPU.Build.0 = Debug|Any CPU
		{9A9C656F-9914-438D-A230-B7B4A3DED8BE}.Release|Any CPU.ActiveCfg = Release|Any CPU
		{9A9C656F-9914-438D-A230-B7B4A3DED8BE}.Release|Any CPU.Build.0 = Release|Any CPU
		{381043E1-C712-497A-B7D8-976849E869E6}.Debug|Any CPU.ActiveCfg = Debug|Any CPU
		{381043E1-C712-497A-B7D8-976849E869E6}.Debug|Any CPU.Build.0 = Debug|Any CPU
		{381043E1-C712-497A-B7D8-976849E869E6}.Release|Any CPU.ActiveCfg = Release|Any CPU
		{381043E1-C712-497A-B7D8-976849E869E6}.Release|Any CPU.Build.0 = Release|Any CPU
		{6CD48E37-8763-4D94-9B6B-4EABD6B11283}.Debug|Any CPU.ActiveCfg = Debug|Any CPU
		{6CD48E37-8763-4D94-9B6B-4EABD6B11283}.Debug|Any CPU.Build.0 = Debug|Any CPU
		{6CD48E37-8763-4D94-9B6B-4EABD6B11283}.Release|Any CPU.ActiveCfg = Release|Any CPU
		{6CD48E37-8763-4D94-9B6B-4EABD6B11283}.Release|Any CPU.Build.0 = Release|Any CPU
		{71044882-0AD6-4585-A00B-FA75D70AB264}.Debug|Any CPU.ActiveCfg = Debug|Any CPU
		{71044882-0AD6-4585-A00B-FA75D70AB264}.Debug|Any CPU.Build.0 = Debug|Any CPU
		{71044882-0AD6-4585-A00B-FA75D70AB264}.Release|Any CPU.ActiveCfg = Release|Any CPU
		{71044882-0AD6-4585-A00B-FA75D70AB264}.Release|Any CPU.Build.0 = Release|Any CPU
		{EDC86C6F-38EE-403E-908E-65603BBBD95A}.Debug|Any CPU.ActiveCfg = Debug|Any CPU
		{EDC86C6F-38EE-403E-908E-65603BBBD95A}.Debug|Any CPU.Build.0 = Debug|Any CPU
		{EDC86C6F-38EE-403E-908E-65603BBBD95A}.Release|Any CPU.ActiveCfg = Release|Any CPU
		{EDC86C6F-38EE-403E-908E-65603BBBD95A}.Release|Any CPU.Build.0 = Release|Any CPU
	EndGlobalSection
	GlobalSection(SolutionProperties) = preSolution
		HideSolutionNode = FALSE
	EndGlobalSection
	GlobalSection(ExtensibilityGlobals) = postSolution
		SolutionGuid = {4D16912A-1BDA-4B65-AEBE-7D55CC389236}
	EndGlobalSection
EndGlobal
